
Microsoft Visual Studio Solution File, Format Version 12.00
# Visual Studio Version 16
VisualStudioVersion = 16.0.30503.244
MinimumVisualStudioVersion = 10.0.40219.1
Project("{FAE04EC0-301F-11D3-BF4B-00C04F79EFBC}") = "Localization_yml_CK3", "Localization_yml_CK3\Localization_yml_CK3.csproj", "{D85D6459-05A9-4102-8D4C-2EA206E9C4CC}"
EndProject
Project("{2150E333-8FDC-42A3-9474-1A3956D46DE8}") = "ICO", "ICO", "{4B216DDE-F9E3-4B6F-BB33-172348DA9639}"
	ProjectSection(SolutionItems) = preProject
		28px-Icon_CK3.ico = 28px-Icon_CK3.ico
	EndProjectSection
EndProject
Project("{9A19103F-16F7-4668-BE54-9A1E7A4F7556}") = "DataTable", "DataTable\DataTable.csproj", "{A37930C9-CE45-469F-9FEB-7A6B4560C238}"
EndProject
Project("{9A19103F-16F7-4668-BE54-9A1E7A4F7556}") = "File", "File\File.csproj", "{D566EF94-079D-4076-9141-B69EB8E8145C}"
EndProject
Project("{FAE04EC0-301F-11D3-BF4B-00C04F79EFBC}") = "API_translate", "API_translate\API_translate.csproj", "{A3152C45-6DF3-46A0-8911-36F80472A4C8}"
EndProject
Global
	GlobalSection(SolutionConfigurationPlatforms) = preSolution
		Debug|Any CPU = Debug|Any CPU
		Release|Any CPU = Release|Any CPU
	EndGlobalSection
	GlobalSection(ProjectConfigurationPlatforms) = postSolution
		{D85D6459-05A9-4102-8D4C-2EA206E9C4CC}.Debug|Any CPU.ActiveCfg = Debug|Any CPU
		{D85D6459-05A9-4102-8D4C-2EA206E9C4CC}.Debug|Any CPU.Build.0 = Debug|Any CPU
		{D85D6459-05A9-4102-8D4C-2EA206E9C4CC}.Release|Any CPU.ActiveCfg = Release|Any CPU
		{D85D6459-05A9-4102-8D4C-2EA206E9C4CC}.Release|Any CPU.Build.0 = Release|Any CPU
		{A37930C9-CE45-469F-9FEB-7A6B4560C238}.Debug|Any CPU.ActiveCfg = Debug|Any CPU
		{A37930C9-CE45-469F-9FEB-7A6B4560C238}.Debug|Any CPU.Build.0 = Debug|Any CPU
		{A37930C9-CE45-469F-9FEB-7A6B4560C238}.Release|Any CPU.ActiveCfg = Release|Any CPU
		{A37930C9-CE45-469F-9FEB-7A6B4560C238}.Release|Any CPU.Build.0 = Release|Any CPU
		{D566EF94-079D-4076-9141-B69EB8E8145C}.Debug|Any CPU.ActiveCfg = Debug|Any CPU
		{D566EF94-079D-4076-9141-B69EB8E8145C}.Debug|Any CPU.Build.0 = Debug|Any CPU
		{D566EF94-079D-4076-9141-B69EB8E8145C}.Release|Any CPU.ActiveCfg = Release|Any CPU
		{D566EF94-079D-4076-9141-B69EB8E8145C}.Release|Any CPU.Build.0 = Release|Any CPU
		{A3152C45-6DF3-46A0-8911-36F80472A4C8}.Debug|Any CPU.ActiveCfg = Debug|Any CPU
		{A3152C45-6DF3-46A0-8911-36F80472A4C8}.Debug|Any CPU.Build.0 = Debug|Any CPU
		{A3152C45-6DF3-46A0-8911-36F80472A4C8}.Release|Any CPU.ActiveCfg = Release|Any CPU
		{A3152C45-6DF3-46A0-8911-36F80472A4C8}.Release|Any CPU.Build.0 = Release|Any CPU
	EndGlobalSection
	GlobalSection(SolutionProperties) = preSolution
		HideSolutionNode = FALSE
	EndGlobalSection
	GlobalSection(ExtensibilityGlobals) = postSolution
		SolutionGuid = {327CAD83-80A8-4EED-9283-76827102478B}
	EndGlobalSection
EndGlobal
